
Microsoft Visual Studio Solution File, Format Version 12.00
# Visual Studio Version 17
VisualStudioVersion = 17.10.35004.147
MinimumVisualStudioVersion = 10.0.40219.1
Project("{FAE04EC0-301F-11D3-BF4B-00C04F79EFBC}") = "EpiShipment", "EpiShipment\EpiShipment.csproj", "{4B025674-7988-41C7-A9D9-858FBABBC382}"
EndProject
Global
	GlobalSection(SolutionConfigurationPlatforms) = preSolution
		Debug|Any CPU = Debug|Any CPU
		Release|Any CPU = Release|Any CPU
	EndGlobalSection
	GlobalSection(ProjectConfigurationPlatforms) = postSolution
		{4B025674-7988-41C7-A9D9-858FBABBC382}.Debug|Any CPU.ActiveCfg = Debug|Any CPU
		{4B025674-7988-41C7-A9D9-858FBABBC382}.Debug|Any CPU.Build.0 = Debug|Any CPU
		{4B025674-7988-41C7-A9D9-858FBABBC382}.Release|Any CPU.ActiveCfg = Release|Any CPU
		{4B025674-7988-41C7-A9D9-858FBABBC382}.Release|Any CPU.Build.0 = Release|Any CPU
	EndGlobalSection
	GlobalSection(SolutionProperties) = preSolution
		HideSolutionNode = FALSE
	EndGlobalSection
	GlobalSection(ExtensibilityGlobals) = postSolution
		SolutionGuid = {C7DC060A-AA78-4FDC-97F5-F85F4063701A}
	EndGlobalSection
EndGlobal
